
Microsoft Visual Studio Solution File, Format Version 12.00
# Visual Studio Version 16
VisualStudioVersion = 16.0.32002.261
MinimumVisualStudioVersion = 10.0.40219.1
Project("{FAE04EC0-301F-11D3-BF4B-00C04F79EFBC}") = "TestAppMobile3.Android", "TestAppMobile3.Android\TestAppMobile3.Android.csproj", "{E81B0FA5-9B58-454F-83AD-66BA021710EB}"
EndProject
Project("{FAE04EC0-301F-11D3-BF4B-00C04F79EFBC}") = "TestAppMobile3.iOS", "TestAppMobile3.iOS\TestAppMobile3.iOS.csproj", "{D75462EA-5475-475B-902C-43C728BE5F36}"
EndProject
Project("{FAE04EC0-301F-11D3-BF4B-00C04F79EFBC}") = "TestAppMobile3", "TestAppMobile3\TestAppMobile3.csproj", "{614612C7-4429-42EF-9F34-124895E3871B}"
EndProject
Global
	GlobalSection(SolutionConfigurationPlatforms) = preSolution
		Debug|Any CPU = Debug|Any CPU
		Debug|iPhone = Debug|iPhone
		Debug|iPhoneSimulator = Debug|iPhoneSimulator
		Release|Any CPU = Release|Any CPU
		Release|iPhone = Release|iPhone
		Release|iPhoneSimulator = Release|iPhoneSimulator
	EndGlobalSection
	GlobalSection(ProjectConfigurationPlatforms) = postSolution
		{E81B0FA5-9B58-454F-83AD-66BA021710EB}.Debug|Any CPU.ActiveCfg = Debug|Any CPU
		{E81B0FA5-9B58-454F-83AD-66BA021710EB}.Debug|Any CPU.Build.0 = Debug|Any CPU
		{E81B0FA5-9B58-454F-83AD-66BA021710EB}.Debug|Any CPU.Deploy.0 = Debug|Any CPU
		{E81B0FA5-9B58-454F-83AD-66BA021710EB}.Debug|iPhone.ActiveCfg = Debug|Any CPU
		{E81B0FA5-9B58-454F-83AD-66BA021710EB}.Debug|iPhone.Build.0 = Debug|Any CPU
		{E81B0FA5-9B58-454F-83AD-66BA021710EB}.Debug|iPhone.Deploy.0 = Debug|Any CPU
		{E81B0FA5-9B58-454F-83AD-66BA021710EB}.Debug|iPhoneSimulator.ActiveCfg = Debug|Any CPU
		{E81B0FA5-9B58-454F-83AD-66BA021710EB}.Debug|iPhoneSimulator.Build.0 = Debug|Any CPU
		{E81B0FA5-9B58-454F-83AD-66BA021710EB}.Debug|iPhoneSimulator.Deploy.0 = Debug|Any CPU
		{E81B0FA5-9B58-454F-83AD-66BA021710EB}.Release|Any CPU.ActiveCfg = Release|Any CPU
		{E81B0FA5-9B58-454F-83AD-66BA021710EB}.Release|Any CPU.Build.0 = Release|Any CPU
		{E81B0FA5-9B58-454F-83AD-66BA021710EB}.Release|Any CPU.Deploy.0 = Release|Any CPU
		{E81B0FA5-9B58-454F-83AD-66BA021710EB}.Release|iPhone.ActiveCfg = Release|Any CPU
		{E81B0FA5-9B58-454F-83AD-66BA021710EB}.Release|iPhone.Build.0 = Release|Any CPU
		{E81B0FA5-9B58-454F-83AD-66BA021710EB}.Release|iPhone.Deploy.0 = Release|Any CPU
		{E81B0FA5-9B58-454F-83AD-66BA021710EB}.Release|iPhoneSimulator.ActiveCfg = Release|Any CPU
		{E81B0FA5-9B58-454F-83AD-66BA021710EB}.Release|iPhoneSimulator.Build.0 = Release|Any CPU
		{E81B0FA5-9B58-454F-83AD-66BA021710EB}.Release|iPhoneSimulator.Deploy.0 = Release|Any CPU
		{D75462EA-5475-475B-902C-43C728BE5F36}.Debug|Any CPU.ActiveCfg = Debug|iPhone
		{D75462EA-5475-475B-902C-43C728BE5F36}.Debug|Any CPU.Build.0 = Debug|iPhone
		{D75462EA-5475-475B-902C-43C728BE5F36}.Debug|Any CPU.Deploy.0 = Debug|iPhone
		{D75462EA-5475-475B-902C-43C728BE5F36}.Debug|iPhone.ActiveCfg = Debug|iPhone
		{D75462EA-5475-475B-902C-43C728BE5F36}.Debug|iPhone.Build.0 = Debug|iPhone
		{D75462EA-5475-475B-902C-43C728BE5F36}.Debug|iPhone.Deploy.0 = Debug|iPhone
		{D75462EA-5475-475B-902C-43C728BE5F36}.Debug|iPhoneSimulator.ActiveCfg = Debug|iPhoneSimulator
		{D75462EA-5475-475B-902C-43C728BE5F36}.Debug|iPhoneSimulator.Build.0 = Debug|iPhoneSimulator
		{D75462EA-5475-475B-902C-43C728BE5F36}.Debug|iPhoneSimulator.Deploy.0 = Debug|iPhoneSimulator
		{D75462EA-5475-475B-902C-43C728BE5F36}.Release|Any CPU.ActiveCfg = Release|iPhoneSimulator
		{D75462EA-5475-475B-902C-43C728BE5F36}.Release|Any CPU.Build.0 = Release|iPhoneSimulator
		{D75462EA-5475-475B-902C-43C728BE5F36}.Release|Any CPU.Deploy.0 = Release|iPhoneSimulator
		{D75462EA-5475-475B-902C-43C728BE5F36}.Release|iPhone.ActiveCfg = Release|iPhone
		{D75462EA-5475-475B-902C-43C728BE5F36}.Release|iPhone.Build.0 = Release|iPhone
		{D75462EA-5475-475B-902C-43C728BE5F36}.Release|iPhone.Deploy.0 = Release|iPhone
		{D75462EA-5475-475B-902C-43C728BE5F36}.Release|iPhoneSimulator.ActiveCfg = Release|iPhoneSimulator
		{D75462EA-5475-475B-902C-43C728BE5F36}.Release|iPhoneSimulator.Build.0 = Release|iPhoneSimulator
		{D75462EA-5475-475B-902C-43C728BE5F36}.Release|iPhoneSimulator.Deploy.0 = Release|iPhoneSimulator
		{614612C7-4429-42EF-9F34-124895E3871B}.Debug|Any CPU.ActiveCfg = Debug|Any CPU
		{614612C7-4429-42EF-9F34-124895E3871B}.Debug|Any CPU.Build.0 = Debug|Any CPU
		{614612C7-4429-42EF-9F34-124895E3871B}.Debug|Any CPU.Deploy.0 = Debug|Any CPU
		{614612C7-4429-42EF-9F34-124895E3871B}.Debug|iPhone.ActiveCfg = Debug|Any CPU
		{614612C7-4429-42EF-9F34-124895E3871B}.Debug|iPhone.Build.0 = Debug|Any CPU
		{614612C7-4429-42EF-9F34-124895E3871B}.Debug|iPhone.Deploy.0 = Debug|Any CPU
		{614612C7-4429-42EF-9F34-124895E3871B}.Debug|iPhoneSimulator.ActiveCfg = Debug|Any CPU
		{614612C7-4429-42EF-9F34-124895E3871B}.Debug|iPhoneSimulator.Build.0 = Debug|Any CPU
		{614612C7-4429-42EF-9F34-124895E3871B}.Debug|iPhoneSimulator.Deploy.0 = Debug|Any CPU
		{614612C7-4429-42EF-9F34-124895E3871B}.Release|Any CPU.ActiveCfg = Release|Any CPU
		{614612C7-4429-42EF-9F34-124895E3871B}.Release|Any CPU.Build.0 = Release|Any CPU
		{614612C7-4429-42EF-9F34-124895E3871B}.Release|Any CPU.Deploy.0 = Release|Any CPU
		{614612C7-4429-42EF-9F34-124895E3871B}.Release|iPhone.ActiveCfg = Release|Any CPU
		{614612C7-4429-42EF-9F34-124895E3871B}.Release|iPhone.Build.0 = Release|Any CPU
		{614612C7-4429-42EF-9F34-124895E3871B}.Release|iPhone.Deploy.0 = Release|Any CPU
		{614612C7-4429-42EF-9F34-124895E3871B}.Release|iPhoneSimulator.ActiveCfg = Release|Any CPU
		{614612C7-4429-42EF-9F34-124895E3871B}.Release|iPhoneSimulator.Build.0 = Release|Any CPU
		{614612C7-4429-42EF-9F34-124895E3871B}.Release|iPhoneSimulator.Deploy.0 = Release|Any CPU
	EndGlobalSection
	GlobalSection(SolutionProperties) = preSolution
		HideSolutionNode = FALSE
	EndGlobalSection
	GlobalSection(ExtensibilityGlobals) = postSolution
		SolutionGuid = {D63C97AF-927E-4060-AFBE-0F2B44AB7087}
	EndGlobalSection
EndGlobal
